
Microsoft Visual Studio Solution File, Format Version 12.00
# Visual Studio Version 17
VisualStudioVersion = 17.9.34728.123
MinimumVisualStudioVersion = 10.0.40219.1
Project("{FAE04EC0-301F-11D3-BF4B-00C04F79EFBC}") = "Student_Record", "Student_Record\Student_Record.csproj", "{64A5FD77-145D-4F91-9E43-0AB11D8C1C6E}"
EndProject
Global
	GlobalSection(SolutionConfigurationPlatforms) = preSolution
		Debug|Any CPU = Debug|Any CPU
		Release|Any CPU = Release|Any CPU
	EndGlobalSection
	GlobalSection(ProjectConfigurationPlatforms) = postSolution
		{64A5FD77-145D-4F91-9E43-0AB11D8C1C6E}.Debug|Any CPU.ActiveCfg = Debug|Any CPU
		{64A5FD77-145D-4F91-9E43-0AB11D8C1C6E}.Debug|Any CPU.Build.0 = Debug|Any CPU
		{64A5FD77-145D-4F91-9E43-0AB11D8C1C6E}.Release|Any CPU.ActiveCfg = Release|Any CPU
		{64A5FD77-145D-4F91-9E43-0AB11D8C1C6E}.Release|Any CPU.Build.0 = Release|Any CPU
	EndGlobalSection
	GlobalSection(SolutionProperties) = preSolution
		HideSolutionNode = FALSE
	EndGlobalSection
	GlobalSection(ExtensibilityGlobals) = postSolution
		SolutionGuid = {F4137432-7AC1-4D86-AC5A-227737D4C59A}
	EndGlobalSection
EndGlobal
